
Microsoft Visual Studio Solution File, Format Version 12.00
# Visual Studio Version 17
VisualStudioVersion = 17.14.36811.4 d17.14
MinimumVisualStudioVersion = 10.0.40219.1
Project("{FAE04EC0-301F-11D3-BF4B-00C04F79EFBC}") = "MyMotorTimeline", "MyMotorTimeline\MyMotorTimeline.csproj", "{D19E8E09-E398-411F-9FF1-696384EF5125}"
EndProject
Global
	GlobalSection(SolutionConfigurationPlatforms) = preSolution
		Debug|Any CPU = Debug|Any CPU
		Release|Any CPU = Release|Any CPU
	EndGlobalSection
	GlobalSection(ProjectConfigurationPlatforms) = postSolution
		{D19E8E09-E398-411F-9FF1-696384EF5125}.Debug|Any CPU.ActiveCfg = Debug|Any CPU
		{D19E8E09-E398-411F-9FF1-696384EF5125}.Debug|Any CPU.Build.0 = Debug|Any CPU
		{D19E8E09-E398-411F-9FF1-696384EF5125}.Release|Any CPU.ActiveCfg = Release|Any CPU
		{D19E8E09-E398-411F-9FF1-696384EF5125}.Release|Any CPU.Build.0 = Release|Any CPU
	EndGlobalSection
	GlobalSection(SolutionProperties) = preSolution
		HideSolutionNode = FALSE
	EndGlobalSection
	GlobalSection(ExtensibilityGlobals) = postSolution
		SolutionGuid = {ED47C989-AC7E-4387-8281-B8E428A480D5}
	EndGlobalSection
EndGlobal
